
Microsoft Visual Studio Solution File, Format Version 12.00
# Visual Studio Version 17
VisualStudioVersion = 17.11.35327.3
MinimumVisualStudioVersion = 10.0.40219.1
Project("{9A19103F-16F7-4668-BE54-9A1E7A4F7556}") = "MentorBookingSystem", "MentorBookingSystem\MentorBookingSystem.csproj", "{1EF3CF3E-738D-4929-88ED-BAC9B9431687}"
EndProject
Project("{9A19103F-16F7-4668-BE54-9A1E7A4F7556}") = "BLL", "BLL\BLL.csproj", "{D78C3977-83A6-45AC-B128-51CD4758F9FB}"
EndProject
Project("{9A19103F-16F7-4668-BE54-9A1E7A4F7556}") = "DAL", "DAL\DAL.csproj", "{FA749951-2D6A-45A6-8845-BBC529BFCB2F}"
EndProject
Global
	GlobalSection(SolutionConfigurationPlatforms) = preSolution
		Debug|Any CPU = Debug|Any CPU
		Release|Any CPU = Release|Any CPU
	EndGlobalSection
	GlobalSection(ProjectConfigurationPlatforms) = postSolution
		{1EF3CF3E-738D-4929-88ED-BAC9B9431687}.Debug|Any CPU.ActiveCfg = Debug|Any CPU
		{1EF3CF3E-738D-4929-88ED-BAC9B9431687}.Debug|Any CPU.Build.0 = Debug|Any CPU
		{1EF3CF3E-738D-4929-88ED-BAC9B9431687}.Release|Any CPU.ActiveCfg = Release|Any CPU
		{1EF3CF3E-738D-4929-88ED-BAC9B9431687}.Release|Any CPU.Build.0 = Release|Any CPU
		{D78C3977-83A6-45AC-B128-51CD4758F9FB}.Debug|Any CPU.ActiveCfg = Debug|Any CPU
		{D78C3977-83A6-45AC-B128-51CD4758F9FB}.Debug|Any CPU.Build.0 = Debug|Any CPU
		{D78C3977-83A6-45AC-B128-51CD4758F9FB}.Release|Any CPU.ActiveCfg = Release|Any CPU
		{D78C3977-83A6-45AC-B128-51CD4758F9FB}.Release|Any CPU.Build.0 = Release|Any CPU
		{FA749951-2D6A-45A6-8845-BBC529BFCB2F}.Debug|Any CPU.ActiveCfg = Debug|Any CPU
		{FA749951-2D6A-45A6-8845-BBC529BFCB2F}.Debug|Any CPU.Build.0 = Debug|Any CPU
		{FA749951-2D6A-45A6-8845-BBC529BFCB2F}.Release|Any CPU.ActiveCfg = Release|Any CPU
		{FA749951-2D6A-45A6-8845-BBC529BFCB2F}.Release|Any CPU.Build.0 = Release|Any CPU
	EndGlobalSection
	GlobalSection(SolutionProperties) = preSolution
		HideSolutionNode = FALSE
	EndGlobalSection
	GlobalSection(ExtensibilityGlobals) = postSolution
		SolutionGuid = {42DDD86F-49E4-4E6A-BDEC-274E5BF8BDE8}
	EndGlobalSection
EndGlobal
